// !$*UTF8*$!
{
	archiveVersion = 1;
	classes = {
	};
	objectVersion = 55;
	objects = {

/* Begin PBXBuildFile section */
		063467842843322200F5DDA7 /* CheckinReportScreens.swift in Sources */ = {isa = PBXBuildFile; fileRef = 063467832843322200F5DDA7 /* CheckinReportScreens.swift */; };
		069364962843140500F532AC /* AppDelegate.swift in Sources */ = {isa = PBXBuildFile; fileRef = 069364952843140500F532AC /* AppDelegate.swift */; };
		069364982843140500F532AC /* SceneDelegate.swift in Sources */ = {isa = PBXBuildFile; fileRef = 069364972843140500F532AC /* SceneDelegate.swift */; };
		0693649A2843140500F532AC /* ViewController.swift in Sources */ = {isa = PBXBuildFile; fileRef = 069364992843140500F532AC /* ViewController.swift */; };
		0693649D2843140500F532AC /* Main.storyboard in Resources */ = {isa = PBXBuildFile; fileRef = 0693649B2843140500F532AC /* Main.storyboard */; };
		0693649F2843140600F532AC /* Assets.xcassets in Resources */ = {isa = PBXBuildFile; fileRef = 0693649E2843140600F532AC /* Assets.xcassets */; };
		069364A22843140600F532AC /* LaunchScreen.storyboard in Resources */ = {isa = PBXBuildFile; fileRef = 069364A02843140600F532AC /* LaunchScreen.storyboard */; };
		069364AE284319A900F532AC /* FirstScreen.swift in Sources */ = {isa = PBXBuildFile; fileRef = 069364AD284319A800F532AC /* FirstScreen.swift */; };
		06B83A46284A3FD3002AE0E6 /* butterfly2.png in Resources */ = {isa = PBXBuildFile; fileRef = 06B83A45284A3FD3002AE0E6 /* butterfly2.png */; };
		06B83A48284A40E0002AE0E6 /* butterfly.png in Resources */ = {isa = PBXBuildFile; fileRef = 06B83A47284A40E0002AE0E6 /* butterfly.png */; };
		06DAD38D2846CDB900C1AC5F /* ReportScreen.swift in Sources */ = {isa = PBXBuildFile; fileRef = 06DAD38C2846CDB900C1AC5F /* ReportScreen.swift */; };
/* End PBXBuildFile section */

/* Begin PBXFileReference section */
		063467832843322200F5DDA7 /* CheckinReportScreens.swift */ = {isa = PBXFileReference; lastKnownFileType = sourcecode.swift; path = CheckinReportScreens.swift; sourceTree = "<group>"; };
		069364922843140500F532AC /* Butterfly.app */ = {isa = PBXFileReference; explicitFileType = wrapper.application; includeInIndex = 0; path = Butterfly.app; sourceTree = BUILT_PRODUCTS_DIR; };
		069364952843140500F532AC /* AppDelegate.swift */ = {isa = PBXFileReference; lastKnownFileType = sourcecode.swift; path = AppDelegate.swift; sourceTree = "<group>"; };
		069364972843140500F532AC /* SceneDelegate.swift */ = {isa = PBXFileReference; lastKnownFileType = sourcecode.swift; path = SceneDelegate.swift; sourceTree = "<group>"; };
		069364992843140500F532AC /* ViewController.swift */ = {isa = PBXFileReference; lastKnownFileType = sourcecode.swift; path = ViewController.swift; sourceTree = "<group>"; };
		0693649C2843140500F532AC /* Base */ = {isa = PBXFileReference; lastKnownFileType = file.storyboard; name = Base; path = Base.lproj/Main.storyboard; sourceTree = "<group>"; };
		0693649E2843140600F532AC /* Assets.xcassets */ = {isa = PBXFileReference; lastKnownFileType = folder.assetcatalog; path = Assets.xcassets; sourceTree = "<group>"; };
		069364A12843140600F532AC /* Base */ = {isa = PBXFileReference; lastKnownFileType = file.storyboard; name = Base; path = Base.lproj/LaunchScreen.storyboard; sourceTree = "<group>"; };
		069364A32843140600F532AC /* Info.plist */ = {isa = PBXFileReference; lastKnownFileType = text.plist.xml; path = Info.plist; sourceTree = "<group>"; };
		069364AD284319A800F532AC /* FirstScreen.swift */ = {isa = PBXFileReference; lastKnownFileType = sourcecode.swift; path = FirstScreen.swift; sourceTree = "<group>"; };
		06B83A45284A3FD3002AE0E6 /* butterfly2.png */ = {isa = PBXFileReference; lastKnownFileType = image.png; path = butterfly2.png; sourceTree = SOURCE_ROOT; };
		06B83A47284A40E0002AE0E6 /* butterfly.png */ = {isa = PBXFileReference; lastKnownFileType = image.png; path = butterfly.png; sourceTree = SOURCE_ROOT; };
		06DAD38C2846CDB900C1AC5F /* ReportScreen.swift */ = {isa = PBXFileReference; lastKnownFileType = sourcecode.swift; path = ReportScreen.swift; sourceTree = "<group>"; };
/* End PBXFileReference section */

/* Begin PBXFrameworksBuildPhase section */
		0693648F2843140500F532AC /* Frameworks */ = {
			isa = PBXFrameworksBuildPhase;
			buildActionMask = 2147483647;
			files = (
			);
			runOnlyForDeploymentPostprocessing = 0;
		};
/* End PBXFrameworksBuildPhase section */

/* Begin PBXGroup section */
		069364892843140500F532AC = {
			isa = PBXGroup;
			children = (
				069364942843140500F532AC /* Butterfly */,
				069364932843140500F532AC /* Products */,
			);
			sourceTree = "<group>";
		};
		069364932843140500F532AC /* Products */ = {
			isa = PBXGroup;
			children = (
				069364922843140500F532AC /* Butterfly.app */,
			);
			name = Products;
			sourceTree = "<group>";
		};
		069364942843140500F532AC /* Butterfly */ = {
			isa = PBXGroup;
			children = (
				069364952843140500F532AC /* AppDelegate.swift */,
				069364972843140500F532AC /* SceneDelegate.swift */,
				069364992843140500F532AC /* ViewController.swift */,
				069364AD284319A800F532AC /* FirstScreen.swift */,
				063467832843322200F5DDA7 /* CheckinReportScreens.swift */,
				06DAD38C2846CDB900C1AC5F /* ReportScreen.swift */,
				0693649B2843140500F532AC /* Main.storyboard */,
				06B83A47284A40E0002AE0E6 /* butterfly.png */,
				06B83A45284A3FD3002AE0E6 /* butterfly2.png */,
				0693649E2843140600F532AC /* Assets.xcassets */,
				069364A02843140600F532AC /* LaunchScreen.storyboard */,
				069364A32843140600F532AC /* Info.plist */,
			);
			path = Butterfly;
			sourceTree = "<group>";
		};
/* End PBXGroup section */

/* Begin PBXNativeTarget section */
		069364912843140500F532AC /* Butterfly */ = {
			isa = PBXNativeTarget;
			buildConfigurationList = 069364A62843140600F532AC /* Build configuration list for PBXNativeTarget "Butterfly" */;
			buildPhases = (
				0693648E2843140500F532AC /* Sources */,
				0693648F2843140500F532AC /* Frameworks */,
				069364902843140500F532AC /* Resources */,
			);
			buildRules = (
			);
			dependencies = (
			);
			name = Butterfly;
			productName = SymptomTracker3;
			productReference = 069364922843140500F532AC /* Butterfly.app */;
			productType = "com.apple.product-type.application";
		};
/* End PBXNativeTarget section */

/* Begin PBXProject section */
		0693648A2843140500F532AC /* Project object */ = {
			isa = PBXProject;
			attributes = {
				BuildIndependentTargetsInParallel = 1;
				LastSwiftUpdateCheck = 1330;
				LastUpgradeCheck = 1330;
				TargetAttributes = {
					069364912843140500F532AC = {
						CreatedOnToolsVersion = 13.3.1;
					};
				};
			};
			buildConfigurationList = 0693648D2843140500F532AC /* Build configuration list for PBXProject "Butterfly" */;
			compatibilityVersion = "Xcode 13.0";
			developmentRegion = en;
			hasScannedForEncodings = 0;
			knownRegions = (
				en,
				Base,
			);
			mainGroup = 069364892843140500F532AC;
			productRefGroup = 069364932843140500F532AC /* Products */;
			projectDirPath = "";
			projectRoot = "";
			targets = (
				069364912843140500F532AC /* Butterfly */,
			);
		};
/* End PBXProject section */

/* Begin PBXResourcesBuildPhase section */
		069364902843140500F532AC /* Resources */ = {
			isa = PBXResourcesBuildPhase;
			buildActionMask = 2147483647;
			files = (
				06B83A46284A3FD3002AE0E6 /* butterfly2.png in Resources */,
				06B83A48284A40E0002AE0E6 /* butterfly.png in Resources */,
				069364A22843140600F532AC /* LaunchScreen.storyboard in Resources */,
				0693649F2843140600F532AC /* Assets.xcassets in Resources */,
				0693649D2843140500F532AC /* Main.storyboard in Resources */,
			);
			runOnlyForDeploymentPostprocessing = 0;
		};
/* End PBXResourcesBuildPhase section */

/* Begin PBXSourcesBuildPhase section */
		0693648E2843140500F532AC /* Sources */ = {
			isa = PBXSourcesBuildPhase;
			buildActionMask = 2147483647;
			files = (
				069364AE284319A900F532AC /* FirstScreen.swift in Sources */,
				0693649A2843140500F532AC /* ViewController.swift in Sources */,
				069364962843140500F532AC /* AppDelegate.swift in Sources */,
				06DAD38D2846CDB900C1AC5F /* ReportScreen.swift in Sources */,
				069364982843140500F532AC /* SceneDelegate.swift in Sources */,
				063467842843322200F5DDA7 /* CheckinReportScreens.swift in Sources */,
			);
			runOnlyForDeploymentPostprocessing = 0;
		};
/* End PBXSourcesBuildPhase section */

/* Begin PBXVariantGroup section */
		0693649B2843140500F532AC /* Main.storyboard */ = {
			isa = PBXVariantGroup;
			children = (
				0693649C2843140500F532AC /* Base */,
			);
			name = Main.storyboard;
			sourceTree = "<group>";
		};
		069364A02843140600F532AC /* LaunchScreen.storyboard */ = {
			isa = PBXVariantGroup;
			children = (
				069364A12843140600F532AC /* Base */,
			);
			name = LaunchScreen.storyboard;
			sourceTree = "<group>";
		};
/* End PBXVariantGroup section */

/* Begin XCBuildConfiguration section */
		069364A42843140600F532AC /* Debug */ = {
			isa = XCBuildConfiguration;
			buildSettings = {
				ALWAYS_SEARCH_USER_PATHS = NO;
				CLANG_ANALYZER_NONNULL = YES;
				CLANG_ANALYZER_NUMBER_OBJECT_CONVERSION = YES_AGGRESSIVE;
				CLANG_CXX_LANGUAGE_STANDARD = "gnu++17";
				CLANG_ENABLE_MODULES = YES;
				CLANG_ENABLE_OBJC_ARC = YES;
				CLANG_ENABLE_OBJC_WEAK = YES;
				CLANG_WARN_BLOCK_CAPTURE_AUTORELEASING = YES;
				CLANG_WARN_BOOL_CONVERSION = YES;
				CLANG_WARN_COMMA = YES;
				CLANG_WARN_CONSTANT_CONVERSION = YES;
				CLANG_WARN_DEPRECATED_OBJC_IMPLEMENTATIONS = YES;
				CLANG_WARN_DIRECT_OBJC_ISA_USAGE = YES_ERROR;
				CLANG_WARN_DOCUMENTATION_COMMENTS = YES;
				CLANG_WARN_EMPTY_BODY = YES;
				CLANG_WARN_ENUM_CONVERSION = YES;
				CLANG_WARN_INFINITE_RECURSION = YES;
				CLANG_WARN_INT_CONVERSION = YES;
				CLANG_WARN_NON_LITERAL_NULL_CONVERSION = YES;
				CLANG_WARN_OBJC_IMPLICIT_RETAIN_SELF = YES;
				CLANG_WARN_OBJC_LITERAL_CONVERSION = YES;
				CLANG_WARN_OBJC_ROOT_CLASS = YES_ERROR;
				CLANG_WARN_QUOTED_INCLUDE_IN_FRAMEWORK_HEADER = YES;
				CLANG_WARN_RANGE_LOOP_ANALYSIS = YES;
				CLANG_WARN_STRICT_PROTOTYPES = YES;
				CLANG_WARN_SUSPICIOUS_MOVE = YES;
				CLANG_WARN_UNGUARDED_AVAILABILITY = YES_AGGRESSIVE;
				CLANG_WARN_UNREACHABLE_CODE = YES;
				CLANG_WARN__DUPLICATE_METHOD_MATCH = YES;
				COPY_PHASE_STRIP = NO;
				DEBUG_INFORMATION_FORMAT = dwarf;
				ENABLE_STRICT_OBJC_MSGSEND = YES;
				ENABLE_TESTABILITY = YES;
				GCC_C_LANGUAGE_STANDARD = gnu11;
				GCC_DYNAMIC_NO_PIC = NO;
				GCC_NO_COMMON_BLOCKS = YES;
				GCC_OPTIMIZATION_LEVEL = 0;
				GCC_PREPROCESSOR_DEFINITIONS = (
					"DEBUG=1",
					"$(inherited)",
				);
				GCC_WARN_64_TO_32_BIT_CONVERSION = YES;
				GCC_WARN_ABOUT_RETURN_TYPE = YES_ERROR;
				GCC_WARN_UNDECLARED_SELECTOR = YES;
				GCC_WARN_UNINITIALIZED_AUTOS = YES_AGGRESSIVE;
				GCC_WARN_UNUSED_FUNCTION = YES;
				GCC_WARN_UNUSED_VARIABLE = YES;
				IPHONEOS_DEPLOYMENT_TARGET = 15.4;
				MTL_ENABLE_DEBUG_INFO = INCLUDE_SOURCE;
				MTL_FAST_MATH = YES;
				ONLY_ACTIVE_ARCH = YES;
				SDKROOT = iphoneos;
				SWIFT_ACTIVE_COMPILATION_CONDITIONS = DEBUG;
				SWIFT_OPTIMIZATION_LEVEL = "-Onone";
			};
			name = Debug;
		};
		069364A52843140600F532AC /* Release */ = {
			isa = XCBuildConfiguration;
			buildSettings = {
				ALWAYS_SEARCH_USER_PATHS = NO;
				CLANG_ANALYZER_NONNULL = YES;
				CLANG_ANALYZER_NUMBER_OBJECT_CONVERSION = YES_AGGRESSIVE;
				CLANG_CXX_LANGUAGE_STANDARD = "gnu++17";
				CLANG_ENABLE_MODULES = YES;
				CLANG_ENABLE_OBJC_ARC = YES;
				CLANG_ENABLE_OBJC_WEAK = YES;
				CLANG_WARN_BLOCK_CAPTURE_AUTORELEASING = YES;
				CLANG_WARN_BOOL_CONVERSION = YES;
				CLANG_WARN_COMMA = YES;
				CLANG_WARN_CONSTANT_CONVERSION = YES;
				CLANG_WARN_DEPRECATED_OBJC_IMPLEMENTATIONS = YES;
				CLANG_WARN_DIRECT_OBJC_ISA_USAGE = YES_ERROR;
				CLANG_WARN_DOCUMENTATION_COMMENTS = YES;
				CLANG_WARN_EMPTY_BODY = YES;
				CLANG_WARN_ENUM_CONVERSION = YES;
				CLANG_WARN_INFINITE_RECURSION = YES;
				CLANG_WARN_INT_CONVERSION = YES;
				CLANG_WARN_NON_LITERAL_NULL_CONVERSION = YES;
				CLANG_WARN_OBJC_IMPLICIT_RETAIN_SELF = YES;
				CLANG_WARN_OBJC_LITERAL_CONVERSION = YES;
				CLANG_WARN_OBJC_ROOT_CLASS = YES_ERROR;
				CLANG_WARN_QUOTED_INCLUDE_IN_FRAMEWORK_HEADER = YES;
				CLANG_WARN_RANGE_LOOP_ANALYSIS = YES;
				CLANG_WARN_STRICT_PROTOTYPES = YES;
				CLANG_WARN_SUSPICIOUS_MOVE = YES;
				CLANG_WARN_UNGUARDED_AVAILABILITY = YES_AGGRESSIVE;
				CLANG_WARN_UNREACHABLE_CODE = YES;
				CLANG_WARN__DUPLICATE_METHOD_MATCH = YES;
				COPY_PHASE_STRIP = NO;
				DEBUG_INFORMATION_FORMAT = "dwarf-with-dsym";
				ENABLE_NS_ASSERTIONS = NO;
				ENABLE_STRICT_OBJC_MSGSEND = YES;
				GCC_C_LANGUAGE_STANDARD = gnu11;
				GCC_NO_COMMON_BLOCKS = YES;
				GCC_WARN_64_TO_32_BIT_CONVERSION = YES;
				GCC_WARN_ABOUT_RETURN_TYPE = YES_ERROR;
				GCC_WARN_UNDECLARED_SELECTOR = YES;
				GCC_WARN_UNINITIALIZED_AUTOS = YES_AGGRESSIVE;
				GCC_WARN_UNUSED_FUNCTION = YES;
				GCC_WARN_UNUSED_VARIABLE = YES;
				IPHONEOS_DEPLOYMENT_TARGET = 15.4;
				MTL_ENABLE_DEBUG_INFO = NO;
				MTL_FAST_MATH = YES;
				SDKROOT = iphoneos;
				SWIFT_COMPILATION_MODE = wholemodule;
				SWIFT_OPTIMIZATION_LEVEL = "-O";
				VALIDATE_PRODUCT = YES;
			};
			name = Release;
		};
		069364A72843140600F532AC /* Debug */ = {
			isa = XCBuildConfiguration;
			buildSettings = {
				ASSETCATALOG_COMPILER_APPICON_NAME = AppIcon;
				ASSETCATALOG_COMPILER_GLOBAL_ACCENT_COLOR_NAME = AccentColor;
				CODE_SIGN_STYLE = Automatic;
				CURRENT_PROJECT_VERSION = 1;
				DEVELOPMENT_TEAM = 6KLRBV5H67;
				GENERATE_INFOPLIST_FILE = YES;
				INFOPLIST_FILE = SymptomTracker3/Info.plist;
				INFOPLIST_KEY_UIApplicationSupportsIndirectInputEvents = YES;
				INFOPLIST_KEY_UILaunchStoryboardName = LaunchScreen;
				INFOPLIST_KEY_UIMainStoryboardFile = Main;
				INFOPLIST_KEY_UISupportedInterfaceOrientations_iPad = "UIInterfaceOrientationPortrait UIInterfaceOrientationPortraitUpsideDown UIInterfaceOrientationLandscapeLeft UIInterfaceOrientationLandscapeRight";
				INFOPLIST_KEY_UISupportedInterfaceOrientations_iPhone = "UIInterfaceOrientationPortrait UIInterfaceOrientationLandscapeLeft UIInterfaceOrientationLandscapeRight";
				LD_RUNPATH_SEARCH_PATHS = (
					"$(inherited)",
					"@executable_path/Frameworks",
				);
				MARKETING_VERSION = 1.0;
				PRODUCT_BUNDLE_IDENTIFIER = OneStopAutoimmune.SymptomTracker3;
				PRODUCT_NAME = "$(TARGET_NAME)";
				SWIFT_EMIT_LOC_STRINGS = YES;
				SWIFT_VERSION = 5.0;
				TARGETED_DEVICE_FAMILY = 1;
			};
			name = Debug;
		};
		069364A82843140600F532AC /* Release */ = {
			isa = XCBuildConfiguration;
			buildSettings = {
				ASSETCATALOG_COMPILER_APPICON_NAME = AppIcon;
				ASSETCATALOG_COMPILER_GLOBAL_ACCENT_COLOR_NAME = AccentColor;
				CODE_SIGN_STYLE = Automatic;
				CURRENT_PROJECT_VERSION = 1;
				DEVELOPMENT_TEAM = 6KLRBV5H67;
				GENERATE_INFOPLIST_FILE = YES;
				INFOPLIST_FILE = SymptomTracker3/Info.plist;
				INFOPLIST_KEY_UIApplicationSupportsIndirectInputEvents = YES;
				INFOPLIST_KEY_UILaunchStoryboardName = LaunchScreen;
				INFOPLIST_KEY_UIMainStoryboardFile = Main;
				INFOPLIST_KEY_UISupportedInterfaceOrientations_iPad = "UIInterfaceOrientationPortrait UIInterfaceOrientationPortraitUpsideDown UIInterfaceOrientationLandscapeLeft UIInterfaceOrientationLandscapeRight";
				INFOPLIST_KEY_UISupportedInterfaceOrientations_iPhone = "UIInterfaceOrientationPortrait UIInterfaceOrientationLandscapeLeft UIInterfaceOrientationLandscapeRight";
				LD_RUNPATH_SEARCH_PATHS = (
					"$(inherited)",
					"@executable_path/Frameworks",
				);
				MARKETING_VERSION = 1.0;
				PRODUCT_BUNDLE_IDENTIFIER = OneStopAutoimmune.SymptomTracker3;
				PRODUCT_NAME = "$(TARGET_NAME)";
				SWIFT_EMIT_LOC_STRINGS = YES;
				SWIFT_VERSION = 5.0;
				TARGETED_DEVICE_FAMILY = 1;
			};
			name = Release;
		};
/* End XCBuildConfiguration section */

/* Begin XCConfigurationList section */
		0693648D2843140500F532AC /* Build configuration list for PBXProject "Butterfly" */ = {
			isa = XCConfigurationList;
			buildConfigurations = (
				069364A42843140600F532AC /* Debug */,
				069364A52843140600F532AC /* Release */,
			);
			defaultConfigurationIsVisible = 0;
			defaultConfigurationName = Release;
		};
		069364A62843140600F532AC /* Build configuration list for PBXNativeTarget "Butterfly" */ = {
			isa = XCConfigurationList;
			buildConfigurations = (
				069364A72843140600F532AC /* Debug */,
				069364A82843140600F532AC /* Release */,
			);
			defaultConfigurationIsVisible = 0;
			defaultConfigurationName = Release;
		};
/* End XCConfigurationList section */
	};
	rootObject = 0693648A2843140500F532AC /* Project object */;
}
